
Microsoft Visual Studio Solution File, Format Version 12.00
# Visual Studio Version 16
VisualStudioVersion = 16.0.30611.23
MinimumVisualStudioVersion = 10.0.40219.1
Project("{8BC9CEB8-8B4A-11D0-8D11-00A0C91BC942}") = "C2-Server", "C2-Server.vcxproj", "{C6BBE0CB-890A-4D07-A8FD-A423E7C2AAB0}"
EndProject
Global
	GlobalSection(SolutionConfigurationPlatforms) = preSolution
		Debug|x64 = Debug|x64
		Debug|x86 = Debug|x86
		Release|x64 = Release|x64
		Release|x86 = Release|x86
	EndGlobalSection
	GlobalSection(ProjectConfigurationPlatforms) = postSolution
		{C6BBE0CB-890A-4D07-A8FD-A423E7C2AAB0}.Debug|x64.ActiveCfg = Debug|x64
		{C6BBE0CB-890A-4D07-A8FD-A423E7C2AAB0}.Debug|x64.Build.0 = Debug|x64
		{C6BBE0CB-890A-4D07-A8FD-A423E7C2AAB0}.Debug|x86.ActiveCfg = Debug|Win32
		{C6BBE0CB-890A-4D07-A8FD-A423E7C2AAB0}.Debug|x86.Build.0 = Debug|Win32
		{C6BBE0CB-890A-4D07-A8FD-A423E7C2AAB0}.Release|x64.ActiveCfg = Release|x64
		{C6BBE0CB-890A-4D07-A8FD-A423E7C2AAB0}.Release|x64.Build.0 = Release|x64
		{C6BBE0CB-890A-4D07-A8FD-A423E7C2AAB0}.Release|x86.ActiveCfg = Release|Win32
		{C6BBE0CB-890A-4D07-A8FD-A423E7C2AAB0}.Release|x86.Build.0 = Release|Win32
	EndGlobalSection
	GlobalSection(SolutionProperties) = preSolution
		HideSolutionNode = FALSE
	EndGlobalSection
	GlobalSection(ExtensibilityGlobals) = postSolution
		SolutionGuid = {9128AA4B-81B9-4207-BEE8-91CB50AADA30}
	EndGlobalSection
EndGlobal
